
Microsoft Visual Studio Solution File, Format Version 12.00
# Visual Studio Version 17
VisualStudioVersion = 17.5.002.0
MinimumVisualStudioVersion = 10.0.40219.1
Project("{9A19103F-16F7-4668-BE54-9A1E7A4F7556}") = "ValorRise", "ValorRise\ValorRise.csproj", "{42F86524-7B99-412C-9460-6D9B9B377E5E}"
EndProject
Project("{FAE04EC0-301F-11D3-BF4B-00C04F79EFBC}") = "ValorRiseGameServer", "ValorRiseGameServer\ValorRiseGameServer.csproj", "{75A7D9EC-F548-4048-BF0F-6919BA89CA58}"
EndProject
Project("{FAE04EC0-301F-11D3-BF4B-00C04F79EFBC}") = "ValorRiseClient", "ValorRiseClient\ValorRiseClient.csproj", "{71CC5E07-153B-4BCA-B27A-8B6744512EE2}"
EndProject
Project("{FAE04EC0-301F-11D3-BF4B-00C04F79EFBC}") = "ValorRiseServer", "ValorRiseServer\ValorRiseServer.csproj", "{2CB60D8D-4B31-4061-B15D-9EC7C002F5FA}"
EndProject
Global
	GlobalSection(SolutionConfigurationPlatforms) = preSolution
		Debug|Any CPU = Debug|Any CPU
		Release|Any CPU = Release|Any CPU
	EndGlobalSection
	GlobalSection(ProjectConfigurationPlatforms) = postSolution
		{42F86524-7B99-412C-9460-6D9B9B377E5E}.Debug|Any CPU.ActiveCfg = Debug|Any CPU
		{42F86524-7B99-412C-9460-6D9B9B377E5E}.Debug|Any CPU.Build.0 = Debug|Any CPU
		{42F86524-7B99-412C-9460-6D9B9B377E5E}.Release|Any CPU.ActiveCfg = Release|Any CPU
		{42F86524-7B99-412C-9460-6D9B9B377E5E}.Release|Any CPU.Build.0 = Release|Any CPU
		{75A7D9EC-F548-4048-BF0F-6919BA89CA58}.Debug|Any CPU.ActiveCfg = Debug|Any CPU
		{75A7D9EC-F548-4048-BF0F-6919BA89CA58}.Debug|Any CPU.Build.0 = Debug|Any CPU
		{75A7D9EC-F548-4048-BF0F-6919BA89CA58}.Release|Any CPU.ActiveCfg = Release|Any CPU
		{75A7D9EC-F548-4048-BF0F-6919BA89CA58}.Release|Any CPU.Build.0 = Release|Any CPU
		{71CC5E07-153B-4BCA-B27A-8B6744512EE2}.Debug|Any CPU.ActiveCfg = Debug|Any CPU
		{71CC5E07-153B-4BCA-B27A-8B6744512EE2}.Debug|Any CPU.Build.0 = Debug|Any CPU
		{71CC5E07-153B-4BCA-B27A-8B6744512EE2}.Release|Any CPU.ActiveCfg = Release|Any CPU
		{71CC5E07-153B-4BCA-B27A-8B6744512EE2}.Release|Any CPU.Build.0 = Release|Any CPU
		{2CB60D8D-4B31-4061-B15D-9EC7C002F5FA}.Debug|Any CPU.ActiveCfg = Debug|Any CPU
		{2CB60D8D-4B31-4061-B15D-9EC7C002F5FA}.Debug|Any CPU.Build.0 = Debug|Any CPU
		{2CB60D8D-4B31-4061-B15D-9EC7C002F5FA}.Release|Any CPU.ActiveCfg = Release|Any CPU
		{2CB60D8D-4B31-4061-B15D-9EC7C002F5FA}.Release|Any CPU.Build.0 = Release|Any CPU
	EndGlobalSection
	GlobalSection(SolutionProperties) = preSolution
		HideSolutionNode = FALSE
	EndGlobalSection
	GlobalSection(ExtensibilityGlobals) = postSolution
		SolutionGuid = {BF3F1E7A-2BC5-4ABD-810C-69A5DBB1EF12}
	EndGlobalSection
EndGlobal
